
Microsoft Visual Studio Solution File, Format Version 12.00
# Visual Studio Version 17
VisualStudioVersion = 17.9.34723.18
MinimumVisualStudioVersion = 10.0.40219.1
Project("{FAE04EC0-301F-11D3-BF4B-00C04F79EFBC}") = "ProyectoUniversidad", "ProyectoUniversidad\ProyectoUniversidad.csproj", "{A12E9993-0BE6-4DC4-9E49-2008B9424181}"
EndProject
Global
	GlobalSection(SolutionConfigurationPlatforms) = preSolution
		Debug|Any CPU = Debug|Any CPU
		Release|Any CPU = Release|Any CPU
	EndGlobalSection
	GlobalSection(ProjectConfigurationPlatforms) = postSolution
		{A12E9993-0BE6-4DC4-9E49-2008B9424181}.Debug|Any CPU.ActiveCfg = Debug|Any CPU
		{A12E9993-0BE6-4DC4-9E49-2008B9424181}.Debug|Any CPU.Build.0 = Debug|Any CPU
		{A12E9993-0BE6-4DC4-9E49-2008B9424181}.Release|Any CPU.ActiveCfg = Release|Any CPU
		{A12E9993-0BE6-4DC4-9E49-2008B9424181}.Release|Any CPU.Build.0 = Release|Any CPU
	EndGlobalSection
	GlobalSection(SolutionProperties) = preSolution
		HideSolutionNode = FALSE
	EndGlobalSection
	GlobalSection(ExtensibilityGlobals) = postSolution
		SolutionGuid = {914B751F-E5EB-4D66-8B22-8F0C8EBC9946}
	EndGlobalSection
EndGlobal
